
Microsoft Visual Studio Solution File, Format Version 12.00
# Visual Studio Version 16
VisualStudioVersion = 16.0.30503.244
MinimumVisualStudioVersion = 10.0.40219.1
Project("{FAE04EC0-301F-11D3-BF4B-00C04F79EFBC}") = "Hello world", "Hello world\Hello world.csproj", "{3F32739B-C2F2-4863-86C1-4C81F78AA0FC}"
EndProject
Global
	GlobalSection(SolutionConfigurationPlatforms) = preSolution
		Debug|Any CPU = Debug|Any CPU
		Release|Any CPU = Release|Any CPU
	EndGlobalSection
	GlobalSection(ProjectConfigurationPlatforms) = postSolution
		{3F32739B-C2F2-4863-86C1-4C81F78AA0FC}.Debug|Any CPU.ActiveCfg = Debug|Any CPU
		{3F32739B-C2F2-4863-86C1-4C81F78AA0FC}.Debug|Any CPU.Build.0 = Debug|Any CPU
		{3F32739B-C2F2-4863-86C1-4C81F78AA0FC}.Release|Any CPU.ActiveCfg = Release|Any CPU
		{3F32739B-C2F2-4863-86C1-4C81F78AA0FC}.Release|Any CPU.Build.0 = Release|Any CPU
	EndGlobalSection
	GlobalSection(SolutionProperties) = preSolution
		HideSolutionNode = FALSE
	EndGlobalSection
	GlobalSection(ExtensibilityGlobals) = postSolution
		SolutionGuid = {87A14194-7F8A-4CC5-A563-52F1EB0D30EB}
	EndGlobalSection
EndGlobal
